{
  "name": "your-package-name",
  "version": "1.0.0",
  "lockfileVersion": 3,
  "requires": true,
  "packages": {
    "": {
      "version": "1.0.0",
      "license": "ISC",
      "devDependencies": {
        "path-to-regexp": "0.1.13"
      }
    },
    "node_modules/path-to-regexp": {
      "version": "0.1.13",
      "resolved": "https://registry.npmjs.org/path-to-regexp/-/path-to-regexp-0.1.13.tgz",
      "integrity": "sha512-A/AGNMFN3c8bOlvV9RreMdrv7jsmF9XIfDeCd87+I8RNg6s78BhJxMu69NEMHBSJFxKidViTEdruRwEk/WIKqA==",
      "dev": true,
      "license": "MIT"
    }
  }
}
